
Microsoft Visual Studio Solution File, Format Version 12.00
Project("{FAE04EC0-301F-11D3-BF4B-00C04F79EFBC}") = "xdt-demo", "xdt-demo\xdt-demo.csproj", "{FD0C3AEA-0A39-4401-8FBC-5B4D4D1763AB}"
EndProject
Global
	GlobalSection(SolutionConfigurationPlatforms) = preSolution
		Debug|Any CPU = Debug|Any CPU
		Release|Any CPU = Release|Any CPU
	EndGlobalSection
	GlobalSection(ProjectConfigurationPlatforms) = postSolution
		{FD0C3AEA-0A39-4401-8FBC-5B4D4D1763AB}.Debug|Any CPU.ActiveCfg = Debug|Any CPU
		{FD0C3AEA-0A39-4401-8FBC-5B4D4D1763AB}.Debug|Any CPU.Build.0 = Debug|Any CPU
		{FD0C3AEA-0A39-4401-8FBC-5B4D4D1763AB}.Release|Any CPU.ActiveCfg = Release|Any CPU
		{FD0C3AEA-0A39-4401-8FBC-5B4D4D1763AB}.Release|Any CPU.Build.0 = Release|Any CPU
	EndGlobalSection
EndGlobal
